{
  "name": "duffy",
  "version": "1.0.1",
  "lockfileVersion": 1,
  "requires": true,
  "dependencies": {
    "ansi-diff": {
      "version": "1.1.1",
      "resolved": "https://registry.npmjs.org/ansi-diff/-/ansi-diff-1.1.1.tgz",
      "integrity": "sha512-XnTdFDQzbEewrDx8epWXdw7oqHMvv315vEtfqDiEhhWghIf4++h26c3/FMz7iTLhNrnj56DNIXpbxHZq+3s6qw==",
      "requires": {
        "ansi-split": "^1.0.1"
      }
    },
    "ansi-regex": {
      "version": "3.0.0",
      "resolved": "https://registry.npmjs.org/ansi-regex/-/ansi-regex-3.0.0.tgz",
      "integrity": "sha1-7QMXwyIGT3lGbAKWa922Bas32Zg="
    },
    "ansi-split": {
      "version": "1.0.1",
      "resolved": "https://registry.npmjs.org/ansi-split/-/ansi-split-1.0.1.tgz",
      "integrity": "sha512-RRxQym4DFtDNmHIkW6aeFVvrXURb11lGAEPXNiryjCe8bK8RsANjzJ0M2aGOkvBYwP4Bl/xZ8ijtr6D3j1x/eg==",
      "requires": {
        "ansi-regex": "^3.0.0"
      }
    },
    "buffer-alloc": {
      "version": "1.2.0",
      "resolved": "https://registry.npmjs.org/buffer-alloc/-/buffer-alloc-1.2.0.tgz",
      "integrity": "sha512-CFsHQgjtW1UChdXgbyJGtnm+O/uLQeZdtbDo8mfUgYXCHSM1wgrVxXm6bSyrUuErEb+4sYVGCzASBRot7zyrow==",
      "requires": {
        "buffer-alloc-unsafe": "^1.1.0",
        "buffer-fill": "^1.0.0"
      }
    },
    "buffer-alloc-unsafe": {
      "version": "1.1.0",
      "resolved": "https://registry.npmjs.org/buffer-alloc-unsafe/-/buffer-alloc-unsafe-1.1.0.tgz",
      "integrity": "sha512-TEM2iMIEQdJ2yjPJoSIsldnleVaAk1oW3DBVUykyOLsEsFmEc9kn+SFFPz+gl54KQNxlDnAwCXosOS9Okx2xAg=="
    },
    "buffer-fill": {
      "version": "1.0.0",
      "resolved": "https://registry.npmjs.org/buffer-fill/-/buffer-fill-1.0.0.tgz",
      "integrity": "sha1-+PeLdniYiO858gXNY39o5wISKyw="
    },
    "bytes": {
      "version": "3.1.0",
      "resolved": "https://registry.npmjs.org/bytes/-/bytes-3.1.0.tgz",
      "integrity": "sha512-zauLjrfCG+xvoyaqLoV8bLVXXNGC4JqlxFCutSDWA6fJrTo2ZuvLYTqZ7aHBLZSMOopbzwv8f+wZcVzfVTI2Dg=="
    },
    "clone": {
      "version": "1.0.4",
      "resolved": "https://registry.npmjs.org/clone/-/clone-1.0.4.tgz",
      "integrity": "sha1-2jCcwmPfFZlMaIypAheco8fNfH4="
    },
    "core-util-is": {
      "version": "1.0.2",
      "resolved": "https://registry.npmjs.org/core-util-is/-/core-util-is-1.0.2.tgz",
      "integrity": "sha1-tf1UIgqivFq1eqtxQMlAdUUDwac="
    },
    "defaults": {
      "version": "1.0.3",
      "resolved": "https://registry.npmjs.org/defaults/-/defaults-1.0.3.tgz",
      "integrity": "sha1-xlYFHpgX2f8I7YgUd/P+QBnz730=",
      "requires": {
        "clone": "^1.0.2"
      }
    },
    "diffy": {
      "version": "2.1.0",
      "resolved": "https://registry.npmjs.org/diffy/-/diffy-2.1.0.tgz",
      "integrity": "sha512-BIo2fEAv3U0YmyuM1XTijwZ/OJjmXnlSvsguQy3LOaz5C2R/vrMy8SCRdQn1iz3KhBJYJzy+918xS/PKY/47lw==",
      "requires": {
        "ansi-diff": "^1.0.10",
        "neat-input": "^1.9.0"
      }
    },
    "encoding-down": {
      "version": "5.0.4",
      "resolved": "https://registry.npmjs.org/encoding-down/-/encoding-down-5.0.4.tgz",
      "integrity": "sha512-8CIZLDcSKxgzT+zX8ZVfgNbu8Md2wq/iqa1Y7zyVR18QBEAc0Nmzuvj/N5ykSKpfGzjM8qxbaFntLPwnVoUhZw==",
      "requires": {
        "abstract-leveldown": "^5.0.0",
        "inherits": "^2.0.3",
        "level-codec": "^9.0.0",
        "level-errors": "^2.0.0",
        "xtend": "^4.0.1"
      },
      "dependencies": {
        "abstract-leveldown": {
          "version": "5.0.0",
          "resolved": "https://registry.npmjs.org/abstract-leveldown/-/abstract-leveldown-5.0.0.tgz",
          "integrity": "sha512-5mU5P1gXtsMIXg65/rsYGsi93+MlogXZ9FA8JnwKurHQg64bfXwGYVdVdijNTVNOlAsuIiOwHdvFFD5JqCJQ7A==",
          "requires": {
            "xtend": "~4.0.0"
          }
        },
        "level-codec": {
          "version": "9.0.0",
          "resolved": "https://registry.npmjs.org/level-codec/-/level-codec-9.0.0.tgz",
          "integrity": "sha512-OIpVvjCcZNP5SdhcNupnsI1zo5Y9Vpm+k/F1gfG5kXrtctlrwanisakweJtE0uA0OpLukRfOQae+Fg0M5Debhg=="
        },
        "level-errors": {
          "version": "2.0.0",
          "resolved": "https://registry.npmjs.org/level-errors/-/level-errors-2.0.0.tgz",
          "integrity": "sha512-AmY4HCp9h3OiU19uG+3YWkdELgy05OTP/r23aNHaQKWv8DO787yZgsEuGVkoph40uwN+YdUKnANlrxSsoOaaxg==",
          "requires": {
            "errno": "~0.1.1"
          }
        }
      }
    },
    "errno": {
      "version": "0.1.7",
      "resolved": "https://registry.npmjs.org/errno/-/errno-0.1.7.tgz",
      "integrity": "sha512-MfrRBDWzIWifgq6tJj60gkAwtLNb6sQPlcFrSOflcP1aFmmruKQ2wRnze/8V6kgyz7H3FF8Npzv78mZ7XLLflg==",
      "requires": {
        "prr": "~1.0.1"
      }
    },
    "functional-red-black-tree": {
      "version": "1.0.1",
      "resolved": "https://registry.npmjs.org/functional-red-black-tree/-/functional-red-black-tree-1.0.1.tgz",
      "integrity": "sha1-GwqzvVU7Kg1jmdKcDj6gslIHgyc="
    },
    "immediate": {
      "version": "3.2.3",
      "resolved": "https://registry.npmjs.org/immediate/-/immediate-3.2.3.tgz",
      "integrity": "sha1-0UD6j2FGWb1lQSMwl92qwlzdmRw="
    },
    "inherits": {
      "version": "2.0.3",
      "resolved": "https://registry.npmjs.org/inherits/-/inherits-2.0.3.tgz",
      "integrity": "sha1-Yzwsg+PaQqUC9SRmAiSA9CCCYd4="
    },
    "keypress": {
      "version": "0.2.1",
      "resolved": "https://registry.npmjs.org/keypress/-/keypress-0.2.1.tgz",
      "integrity": "sha1-HoBFQlABjbrUw/6USX1uZ7YmnHc="
    },
    "level-mem": {
      "version": "3.0.1",
      "resolved": "https://registry.npmjs.org/level-mem/-/level-mem-3.0.1.tgz",
      "integrity": "sha512-LbtfK9+3Ug1UmvvhR2DqLqXiPW1OJ5jEh0a3m9ZgAipiwpSxGj/qaVVy54RG5vAQN1nCuXqjvprCuKSCxcJHBg==",
      "requires": {
        "level-packager": "~4.0.0",
        "memdown": "~3.0.0"
      },
      "dependencies": {
        "abstract-leveldown": {
          "version": "5.0.0",
          "resolved": "https://registry.npmjs.org/abstract-leveldown/-/abstract-leveldown-5.0.0.tgz",
          "integrity": "sha512-5mU5P1gXtsMIXg65/rsYGsi93+MlogXZ9FA8JnwKurHQg64bfXwGYVdVdijNTVNOlAsuIiOwHdvFFD5JqCJQ7A==",
          "requires": {
            "xtend": "~4.0.0"
          }
        },
        "memdown": {
          "version": "3.0.0",
          "resolved": "https://registry.npmjs.org/memdown/-/memdown-3.0.0.tgz",
          "integrity": "sha512-tbV02LfZMWLcHcq4tw++NuqMO+FZX8tNJEiD2aNRm48ZZusVg5N8NART+dmBkepJVye986oixErf7jfXboMGMA==",
          "requires": {
            "abstract-leveldown": "~5.0.0",
            "functional-red-black-tree": "~1.0.1",
            "immediate": "~3.2.3",
            "inherits": "~2.0.1",
            "ltgt": "~2.2.0",
            "safe-buffer": "~5.1.1"
          }
        }
      }
    },
    "level-packager": {
      "version": "4.0.1",
      "resolved": "https://registry.npmjs.org/level-packager/-/level-packager-4.0.1.tgz",
      "integrity": "sha512-svCRKfYLn9/4CoFfi+d8krOtrp6RoX8+xm0Na5cgXMqSyRru0AnDYdLl+YI8u1FyS6gGZ94ILLZDE5dh2but3Q==",
      "requires": {
        "encoding-down": "~5.0.0",
        "levelup": "^3.0.0"
      },
      "dependencies": {
        "abstract-leveldown": {
          "version": "5.0.0",
          "resolved": "https://registry.npmjs.org/abstract-leveldown/-/abstract-leveldown-5.0.0.tgz",
          "integrity": "sha512-5mU5P1gXtsMIXg65/rsYGsi93+MlogXZ9FA8JnwKurHQg64bfXwGYVdVdijNTVNOlAsuIiOwHdvFFD5JqCJQ7A==",
          "requires": {
            "xtend": "~4.0.0"
          }
        },
        "deferred-leveldown": {
          "version": "4.0.2",
          "resolved": "https://registry.npmjs.org/deferred-leveldown/-/deferred-leveldown-4.0.2.tgz",
          "integrity": "sha512-5fMC8ek8alH16QiV0lTCis610D1Zt1+LA4MS4d63JgS32lrCjTFDUFz2ao09/j2I4Bqb5jL4FZYwu7Jz0XO1ww==",
          "requires": {
            "abstract-leveldown": "~5.0.0",
            "inherits": "^2.0.3"
          }
        },
        "isarray": {
          "version": "1.0.0",
          "resolved": "https://registry.npmjs.org/isarray/-/isarray-1.0.0.tgz",
          "integrity": "sha1-u5NdSFgsuhaMBoNJV6VKPgcSTxE="
        },
        "level-errors": {
          "version": "2.0.0",
          "resolved": "https://registry.npmjs.org/level-errors/-/level-errors-2.0.0.tgz",
          "integrity": "sha512-AmY4HCp9h3OiU19uG+3YWkdELgy05OTP/r23aNHaQKWv8DO787yZgsEuGVkoph40uwN+YdUKnANlrxSsoOaaxg==",
          "requires": {
            "errno": "~0.1.1"
          }
        },
        "level-iterator-stream": {
          "version": "3.0.1",
          "resolved": "https://registry.npmjs.org/level-iterator-stream/-/level-iterator-stream-3.0.1.tgz",
          "integrity": "sha512-nEIQvxEED9yRThxvOrq8Aqziy4EGzrxSZK+QzEFAVuJvQ8glfyZ96GB6BoI4sBbLfjMXm2w4vu3Tkcm9obcY0g==",
          "requires": {
            "inherits": "^2.0.1",
            "readable-stream": "^2.3.6",
            "xtend": "^4.0.0"
          }
        },
        "levelup": {
          "version": "3.1.1",
          "resolved": "https://registry.npmjs.org/levelup/-/levelup-3.1.1.tgz",
          "integrity": "sha512-9N10xRkUU4dShSRRFTBdNaBxofz+PGaIZO962ckboJZiNmLuhVT6FZ6ZKAsICKfUBO76ySaYU6fJWX/jnj3Lcg==",
          "requires": {
            "deferred-leveldown": "~4.0.0",
            "level-errors": "~2.0.0",
            "level-iterator-stream": "~3.0.0",
            "xtend": "~4.0.0"
          }
        },
        "readable-stream": {
          "version": "2.3.6",
          "resolved": "https://registry.npmjs.org/readable-stream/-/readable-stream-2.3.6.tgz",
          "integrity": "sha512-tQtKA9WIAhBF3+VLAseyMqZeBjW0AHJoxOtYqSUZNJxauErmLbVm2FW1y+J/YA9dUrAC39ITejlZWhVIwawkKw==",
          "requires": {
            "core-util-is": "~1.0.0",
            "inherits": "~2.0.3",
            "isarray": "~1.0.0",
            "process-nextick-args": "~2.0.0",
            "safe-buffer": "~5.1.1",
            "string_decoder": "~1.1.1",
            "util-deprecate": "~1.0.1"
          }
        },
        "string_decoder": {
          "version": "1.1.1",
          "resolved": "https://registry.npmjs.org/string_decoder/-/string_decoder-1.1.1.tgz",
          "integrity": "sha512-n/ShnvDi6FHbbVfviro+WojiFzv+s8MPMHBczVePfUpDJLwoLT0ht1l4YwBCbi8pJAveEEdnkHyPyTP/mzRfwg==",
          "requires": {
            "safe-buffer": "~5.1.0"
          }
        }
      }
    },
    "ltgt": {
      "version": "2.2.1",
      "resolved": "https://registry.npmjs.org/ltgt/-/ltgt-2.2.1.tgz",
      "integrity": "sha1-81ypHEk/e3PaDgdJUwTxezH4fuU="
    },
    "minimist": {
      "version": "1.2.0",
      "resolved": "https://registry.npmjs.org/minimist/-/minimist-1.2.0.tgz",
      "integrity": "sha1-o1AIsg9BOD7sH7kU9M1d95omQoQ="
    },
    "neat-input": {
      "version": "1.10.0",
      "resolved": "https://registry.npmjs.org/neat-input/-/neat-input-1.10.0.tgz",
      "integrity": "sha512-02JoPLCBocjslsujmMjNb12Fz2Ap4oCmCYWBSUmea4YN2EG7siBMZSQtpBjijpw65l3uR5NoSn/w7iumCjAONg==",
      "requires": {
        "keypress": "^0.2.1"
      }
    },
    "pad": {
      "version": "2.2.2",
      "resolved": "https://registry.npmjs.org/pad/-/pad-2.2.2.tgz",
      "integrity": "sha512-w5m0/ISM+Jc/xsxNwKzHhOX+KHKYP3tT+UMmZfCgMSLdCccbjMNYx6LtafOql60qI4NYv13ZGAkSiehJj9ttcQ==",
      "requires": {
        "wcwidth": "^1.0.1"
      }
    },
    "process-nextick-args": {
      "version": "2.0.0",
      "resolved": "https://registry.npmjs.org/process-nextick-args/-/process-nextick-args-2.0.0.tgz",
      "integrity": "sha512-MtEC1TqN0EU5nephaJ4rAtThHtC86dNN9qCuEhtshvpVBkAW5ZO7BASN9REnF9eoXGcRub+pFuKEpOHE+HbEMw=="
    },
    "prr": {
      "version": "1.0.1",
      "resolved": "https://registry.npmjs.org/prr/-/prr-1.0.1.tgz",
      "integrity": "sha1-0/wRS6BplaRexok/SEzrHXj19HY="
    },
    "safe-buffer": {
      "version": "5.1.2",
      "resolved": "https://registry.npmjs.org/safe-buffer/-/safe-buffer-5.1.2.tgz",
      "integrity": "sha512-Gd2UZBJDkXlY7GbJxfsE8/nvKkUEU1G38c1siN6QP6a9PT9MmHB8GnpscSmMJSoF8LOIrt8ud/wPtojys4G6+g=="
    },
    "split": {
      "version": "1.0.1",
      "resolved": "https://registry.npmjs.org/split/-/split-1.0.1.tgz",
      "integrity": "sha512-mTyOoPbrivtXnwnIxZRFYRrPNtEFKlpB2fvjSnCQUiAA6qAZzqwna5envK4uk6OIeP17CsdF3rSBGYVBsU0Tkg==",
      "requires": {
        "through": "2"
      }
    },
    "through": {
      "version": "2.3.8",
      "resolved": "https://registry.npmjs.org/through/-/through-2.3.8.tgz",
      "integrity": "sha1-DdTJ/6q8NXlgsbckEV1+Doai4fU="
    },
    "uint64be": {
      "version": "2.0.2",
      "resolved": "https://registry.npmjs.org/uint64be/-/uint64be-2.0.2.tgz",
      "integrity": "sha512-9QqdvpGQTXgxthP+lY4e/gIBy+RuqcBaC6JVwT5I3bDLgT/btL6twZMR0pI3/Fgah9G/pdwzIprE5gL6v9UvyQ==",
      "requires": {
        "buffer-alloc": "^1.1.0"
      }
    },
    "util-deprecate": {
      "version": "1.0.2",
      "resolved": "https://registry.npmjs.org/util-deprecate/-/util-deprecate-1.0.2.tgz",
      "integrity": "sha1-RQ1Nyfpw3nMnYvvS1KKJgUGaDM8="
    },
    "wcwidth": {
      "version": "1.0.1",
      "resolved": "https://registry.npmjs.org/wcwidth/-/wcwidth-1.0.1.tgz",
      "integrity": "sha1-8LDc+RW8X/FSivrbLA4XtTLaL+g=",
      "requires": {
        "defaults": "^1.0.3"
      }
    },
    "xtend": {
      "version": "4.0.1",
      "resolved": "https://registry.npmjs.org/xtend/-/xtend-4.0.1.tgz",
      "integrity": "sha1-pcbVMr5lbiPbgg77lDofBJmNY68="
    }
  }
}
